<?xml version="1.0" encoding="utf-8"?>
<Project ToolsVersion="4.0" xmlns="http://schemas.microsoft.com/developer/msbuild/2003">
  <ItemGroup>
    <Filter Include="Source Files">
      <UniqueIdentifier>{4FC737F1-C7A5-4376-A066-2A32D752A2FF}</UniqueIdentifier>
      <Extensions>cpp;c;cc;cxx;def;odl;idl;hpj;bat;asm;asmx</Extensions>
    </Filter>
    <Filter Include="Header Files">
      <UniqueIdentifier>{93995380-89BD-4b04-88EB-625FBE52EBFB}</UniqueIdentifier>
      <Extensions>h;hpp;hxx;hm;inl;inc;xsd</Extensions>
    </Filter>
    <Filter Include="Resource Files">
      <UniqueIdentifier>{67DA6AB6-F800-4c08-8B7A-83BB121AAD01}</UniqueIdentifier>
      <Extensions>rc;ico;cur;bmp;dlg;rc2;rct;bin;rgs;gif;jpg;jpeg;jpe;resx;tiff;tif;png;wav;mfcribbon-ms</Extensions>
    </Filter>
    <Filter Include="Driver Files">
      <UniqueIdentifier>{8E41214B-6785-4CFE-B992-037D68949A14}</UniqueIdentifier>
      <Extensions>inf;inv;inx;mof;mc;</Extensions>
    </Filter>
  </ItemGroup>
  <ItemGroup>
    <ClCompile Include="entry.cpp">
      <Filter>Source Files</Filter>
    </ClCompile>
    <ClCompile Include="vmx\vmx.cpp">
      <Filter>Source Files</Filter>
    </ClCompile>
    <ClCompile Include="vmx\vmcs.cpp">
      <Filter>Source Files</Filter>
    </ClCompile>
    <ClCompile Include="vmx\vmexit.cpp">
      <Filter>Source Files</Filter>
    </ClCompile>
    <ClCompile Include="cpu\cpu.cpp">
      <Filter>Source Files</Filter>
    </ClCompile>
    <ClCompile Include="memory\allocations.cpp">
      <Filter>Source Files</Filter>
    </ClCompile>
    <ClCompile Include="cpu\descriptors.cpp">
      <Filter>Source Files</Filter>
    </ClCompile>
    <ClCompile Include="cpu\segments.cpp">
      <Filter>Source Files</Filter>
    </ClCompile>
    <ClCompile Include="vmx\controls.cpp">
      <Filter>Source Files</Filter>
    </ClCompile>
    <ClCompile Include="vmx\vcpu.cpp">
      <Filter>Source Files</Filter>
    </ClCompile>
    <ClCompile Include="hypervisor.cpp">
      <Filter>Source Files</Filter>
    </ClCompile>
    <ClCompile Include="cpu\processor.cpp">
      <Filter>Source Files</Filter>
    </ClCompile>
  </ItemGroup>
  <ItemGroup>
    <None Include="resources.md" />
    <None Include="notes.md" />
    <None Include="scratch.md" />
  </ItemGroup>
  <ItemGroup>
    <ClInclude Include="vmx\vmx.h">
      <Filter>Header Files</Filter>
    </ClInclude>
    <ClInclude Include="vmx\vmcs.h">
      <Filter>Header Files</Filter>
    </ClInclude>
    <ClInclude Include="vmx\vmexit.h">
      <Filter>Header Files</Filter>
    </ClInclude>
    <ClInclude Include="cpu\cpu.h">
      <Filter>Header Files</Filter>
    </ClInclude>
    <ClInclude Include="memory\allocations.h">
      <Filter>Header Files</Filter>
    </ClInclude>
    <ClInclude Include="intel\msr.h">
      <Filter>Header Files</Filter>
    </ClInclude>
    <ClInclude Include="intel\vmcs_fields.h">
      <Filter>Header Files</Filter>
    </ClInclude>
    <ClInclude Include="intel\vmx_controls.h">
      <Filter>Header Files</Filter>
    </ClInclude>
    <ClInclude Include="common\logging.h">
      <Filter>Header Files</Filter>
    </ClInclude>
    <ClInclude Include="common\types.h">
      <Filter>Header Files</Filter>
    </ClInclude>
    <ClInclude Include="vmx\vcpu.h">
      <Filter>Header Files</Filter>
    </ClInclude>
    <ClInclude Include="cpu\descriptors.h">
      <Filter>Header Files</Filter>
    </ClInclude>
    <ClInclude Include="cpu\segments.h">
      <Filter>Header Files</Filter>
    </ClInclude>
    <ClInclude Include="vmx\controls.h">
      <Filter>Header Files</Filter>
    </ClInclude>
    <ClInclude Include="intel\vmexit_reasons.h">
      <Filter>Header Files</Filter>
    </ClInclude>
    <ClInclude Include="hypervisor.h">
      <Filter>Header Files</Filter>
    </ClInclude>
    <ClInclude Include="cpu\processor.h">
      <Filter>Header Files</Filter>
    </ClInclude>
  </ItemGroup>
  <ItemGroup>
    <MASM Include="cpu\helper_asm.asm">
      <Filter>Source Files</Filter>
    </MASM>
    <MASM Include="vmx\vmlaunch.asm">
      <Filter>Source Files</Filter>
    </MASM>
    <MASM Include="vmx\vmexit_asm.asm">
      <Filter>Source Files</Filter>
    </MASM>
  </ItemGroup>
</Project>